
Microsoft Visual Studio Solution File, Format Version 12.00
# Visual Studio Version 17
VisualStudioVersion = 17.4.33103.184
MinimumVisualStudioVersion = 10.0.40219.1
Project("{FAE04EC0-301F-11D3-BF4B-00C04F79EFBC}") = "EntityFrameworkExtensionTutorial", "EntityFrameworkExtensionTutorial\EntityFrameworkExtensionTutorial.csproj", "{504DEF20-D066-40A4-B795-F30230CF00D9}"
EndProject
Global
	GlobalSection(SolutionConfigurationPlatforms) = preSolution
		Debug|Any CPU = Debug|Any CPU
		Release|Any CPU = Release|Any CPU
	EndGlobalSection
	GlobalSection(ProjectConfigurationPlatforms) = postSolution
		{504DEF20-D066-40A4-B795-F30230CF00D9}.Debug|Any CPU.ActiveCfg = Debug|Any CPU
		{504DEF20-D066-40A4-B795-F30230CF00D9}.Debug|Any CPU.Build.0 = Debug|Any CPU
		{504DEF20-D066-40A4-B795-F30230CF00D9}.Release|Any CPU.ActiveCfg = Release|Any CPU
		{504DEF20-D066-40A4-B795-F30230CF00D9}.Release|Any CPU.Build.0 = Release|Any CPU
	EndGlobalSection
	GlobalSection(SolutionProperties) = preSolution
		HideSolutionNode = FALSE
	EndGlobalSection
	GlobalSection(ExtensibilityGlobals) = postSolution
		SolutionGuid = {8009F906-3A9F-4B18-8ADE-5E6E4A5D8E4E}
	EndGlobalSection
EndGlobal
